
Microsoft Visual Studio Solution File, Format Version 12.00
# Visual Studio Version 16
VisualStudioVersion = 16.0.29215.179
MinimumVisualStudioVersion = 10.0.40219.1
Project("{FAE04EC0-301F-11D3-BF4B-00C04F79EFBC}") = "CSVDatabaseReader", "CSVDatabaseReader\CSVDatabaseReader.csproj", "{53EFA380-FD7D-4B52-AD71-FE6DDE69225A}"
EndProject
Project("{FAE04EC0-301F-11D3-BF4B-00C04F79EFBC}") = "PokemonUnity.Shared", "..\..\..\..\PokemonUnity\PokemonUnity.Shared\PokemonUnity.Shared.csproj", "{C4BD7AC0-1333-4D62-A6CD-881A1806FFAD}"
EndProject
Global
	GlobalSection(SolutionConfigurationPlatforms) = preSolution
		Debug|Any CPU = Debug|Any CPU
		Release|Any CPU = Release|Any CPU
	EndGlobalSection
	GlobalSection(ProjectConfigurationPlatforms) = postSolution
		{53EFA380-FD7D-4B52-AD71-FE6DDE69225A}.Debug|Any CPU.ActiveCfg = Debug|Any CPU
		{53EFA380-FD7D-4B52-AD71-FE6DDE69225A}.Debug|Any CPU.Build.0 = Debug|Any CPU
		{53EFA380-FD7D-4B52-AD71-FE6DDE69225A}.Release|Any CPU.ActiveCfg = Release|Any CPU
		{53EFA380-FD7D-4B52-AD71-FE6DDE69225A}.Release|Any CPU.Build.0 = Release|Any CPU
		{C4BD7AC0-1333-4D62-A6CD-881A1806FFAD}.Debug|Any CPU.ActiveCfg = Debug|Any CPU
		{C4BD7AC0-1333-4D62-A6CD-881A1806FFAD}.Debug|Any CPU.Build.0 = Debug|Any CPU
		{C4BD7AC0-1333-4D62-A6CD-881A1806FFAD}.Release|Any CPU.ActiveCfg = Release|Any CPU
		{C4BD7AC0-1333-4D62-A6CD-881A1806FFAD}.Release|Any CPU.Build.0 = Release|Any CPU
	EndGlobalSection
	GlobalSection(SolutionProperties) = preSolution
		HideSolutionNode = FALSE
	EndGlobalSection
	GlobalSection(ExtensibilityGlobals) = postSolution
		SolutionGuid = {6D4E1AFE-0935-481E-A90B-C673A1109282}
	EndGlobalSection
EndGlobal
